
Microsoft Visual Studio Solution File, Format Version 12.00
# Visual Studio 15
VisualStudioVersion = 15.0.27130.2010
MinimumVisualStudioVersion = 10.0.40219.1
Project("{8BC9CEB8-8B4A-11D0-8D11-00A0C91BC942}") = "HashTable", "HashTable\HashTable.vcxproj", "{1F769323-CD3F-4DFE-8FD5-726D3FF94908}"
EndProject
Project("{8BC9CEB8-8B4A-11D0-8D11-00A0C91BC942}") = "HashTableVersusBST", "HashTableVersusBST\HashTableVersusBST.vcxproj", "{FA7E6C9F-27F0-4DFB-B64A-CC3E732C15B8}"
EndProject
Global
	GlobalSection(SolutionConfigurationPlatforms) = preSolution
		Debug|x64 = Debug|x64
		Debug|x86 = Debug|x86
		Release|x64 = Release|x64
		Release|x86 = Release|x86
	EndGlobalSection
	GlobalSection(ProjectConfigurationPlatforms) = postSolution
		{1F769323-CD3F-4DFE-8FD5-726D3FF94908}.Debug|x64.ActiveCfg = Debug|x64
		{1F769323-CD3F-4DFE-8FD5-726D3FF94908}.Debug|x64.Build.0 = Debug|x64
		{1F769323-CD3F-4DFE-8FD5-726D3FF94908}.Debug|x86.ActiveCfg = Debug|Win32
		{1F769323-CD3F-4DFE-8FD5-726D3FF94908}.Debug|x86.Build.0 = Debug|Win32
		{1F769323-CD3F-4DFE-8FD5-726D3FF94908}.Release|x64.ActiveCfg = Release|x64
		{1F769323-CD3F-4DFE-8FD5-726D3FF94908}.Release|x64.Build.0 = Release|x64
		{1F769323-CD3F-4DFE-8FD5-726D3FF94908}.Release|x86.ActiveCfg = Release|Win32
		{1F769323-CD3F-4DFE-8FD5-726D3FF94908}.Release|x86.Build.0 = Release|Win32
		{FA7E6C9F-27F0-4DFB-B64A-CC3E732C15B8}.Debug|x64.ActiveCfg = Debug|x64
		{FA7E6C9F-27F0-4DFB-B64A-CC3E732C15B8}.Debug|x64.Build.0 = Debug|x64
		{FA7E6C9F-27F0-4DFB-B64A-CC3E732C15B8}.Debug|x86.ActiveCfg = Debug|Win32
		{FA7E6C9F-27F0-4DFB-B64A-CC3E732C15B8}.Debug|x86.Build.0 = Debug|Win32
		{FA7E6C9F-27F0-4DFB-B64A-CC3E732C15B8}.Release|x64.ActiveCfg = Release|x64
		{FA7E6C9F-27F0-4DFB-B64A-CC3E732C15B8}.Release|x64.Build.0 = Release|x64
		{FA7E6C9F-27F0-4DFB-B64A-CC3E732C15B8}.Release|x86.ActiveCfg = Release|Win32
		{FA7E6C9F-27F0-4DFB-B64A-CC3E732C15B8}.Release|x86.Build.0 = Release|Win32
	EndGlobalSection
	GlobalSection(SolutionProperties) = preSolution
		HideSolutionNode = FALSE
	EndGlobalSection
	GlobalSection(ExtensibilityGlobals) = postSolution
		SolutionGuid = {31EAFC92-C8F1-4FF7-A1F7-8C8077242C53}
	EndGlobalSection
EndGlobal
