
Microsoft Visual Studio Solution File, Format Version 12.00
# Visual Studio 15
VisualStudioVersion = 15.0.27130.2010
MinimumVisualStudioVersion = 10.0.40219.1
Project("{8BC9CEB8-8B4A-11D0-8D11-00A0C91BC942}") = "Exercise1", "Exercise1\Exercise1.vcxproj", "{85BD731E-C24A-4B0B-A942-7424E130E383}"
EndProject
Global
	GlobalSection(SolutionConfigurationPlatforms) = preSolution
		Debug|x64 = Debug|x64
		Debug|x86 = Debug|x86
		Release|x64 = Release|x64
		Release|x86 = Release|x86
	EndGlobalSection
	GlobalSection(ProjectConfigurationPlatforms) = postSolution
		{85BD731E-C24A-4B0B-A942-7424E130E383}.Debug|x64.ActiveCfg = Debug|x64
		{85BD731E-C24A-4B0B-A942-7424E130E383}.Debug|x64.Build.0 = Debug|x64
		{85BD731E-C24A-4B0B-A942-7424E130E383}.Debug|x86.ActiveCfg = Debug|Win32
		{85BD731E-C24A-4B0B-A942-7424E130E383}.Debug|x86.Build.0 = Debug|Win32
		{85BD731E-C24A-4B0B-A942-7424E130E383}.Release|x64.ActiveCfg = Release|x64
		{85BD731E-C24A-4B0B-A942-7424E130E383}.Release|x64.Build.0 = Release|x64
		{85BD731E-C24A-4B0B-A942-7424E130E383}.Release|x86.ActiveCfg = Release|Win32
		{85BD731E-C24A-4B0B-A942-7424E130E383}.Release|x86.Build.0 = Release|Win32
	EndGlobalSection
	GlobalSection(SolutionProperties) = preSolution
		HideSolutionNode = FALSE
	EndGlobalSection
	GlobalSection(ExtensibilityGlobals) = postSolution
		SolutionGuid = {88C10F06-5BF6-4AF8-AC4E-36D5C43769FD}
	EndGlobalSection
EndGlobal
