
Microsoft Visual Studio Solution File, Format Version 12.00
# Visual Studio 15
VisualStudioVersion = 15.0.27130.2010
MinimumVisualStudioVersion = 10.0.40219.1
Project("{8BC9CEB8-8B4A-11D0-8D11-00A0C91BC942}") = "stack", "week2\week2.vcxproj", "{3EDCE632-AB29-4116-B5F0-69C40E0BD752}"
EndProject
Project("{8BC9CEB8-8B4A-11D0-8D11-00A0C91BC942}") = "queue", "queue\queue.vcxproj", "{00ECB69E-61D1-43C9-9B43-C4A1A14DCBD0}"
EndProject
Global
	GlobalSection(SolutionConfigurationPlatforms) = preSolution
		Debug|x64 = Debug|x64
		Debug|x86 = Debug|x86
		Release|x64 = Release|x64
		Release|x86 = Release|x86
	EndGlobalSection
	GlobalSection(ProjectConfigurationPlatforms) = postSolution
		{3EDCE632-AB29-4116-B5F0-69C40E0BD752}.Debug|x64.ActiveCfg = Debug|x64
		{3EDCE632-AB29-4116-B5F0-69C40E0BD752}.Debug|x64.Build.0 = Debug|x64
		{3EDCE632-AB29-4116-B5F0-69C40E0BD752}.Debug|x86.ActiveCfg = Debug|Win32
		{3EDCE632-AB29-4116-B5F0-69C40E0BD752}.Debug|x86.Build.0 = Debug|Win32
		{3EDCE632-AB29-4116-B5F0-69C40E0BD752}.Release|x64.ActiveCfg = Release|x64
		{3EDCE632-AB29-4116-B5F0-69C40E0BD752}.Release|x64.Build.0 = Release|x64
		{3EDCE632-AB29-4116-B5F0-69C40E0BD752}.Release|x86.ActiveCfg = Release|Win32
		{3EDCE632-AB29-4116-B5F0-69C40E0BD752}.Release|x86.Build.0 = Release|Win32
		{00ECB69E-61D1-43C9-9B43-C4A1A14DCBD0}.Debug|x64.ActiveCfg = Debug|x64
		{00ECB69E-61D1-43C9-9B43-C4A1A14DCBD0}.Debug|x64.Build.0 = Debug|x64
		{00ECB69E-61D1-43C9-9B43-C4A1A14DCBD0}.Debug|x86.ActiveCfg = Debug|Win32
		{00ECB69E-61D1-43C9-9B43-C4A1A14DCBD0}.Debug|x86.Build.0 = Debug|Win32
		{00ECB69E-61D1-43C9-9B43-C4A1A14DCBD0}.Release|x64.ActiveCfg = Release|x64
		{00ECB69E-61D1-43C9-9B43-C4A1A14DCBD0}.Release|x64.Build.0 = Release|x64
		{00ECB69E-61D1-43C9-9B43-C4A1A14DCBD0}.Release|x86.ActiveCfg = Release|Win32
		{00ECB69E-61D1-43C9-9B43-C4A1A14DCBD0}.Release|x86.Build.0 = Release|Win32
	EndGlobalSection
	GlobalSection(SolutionProperties) = preSolution
		HideSolutionNode = FALSE
	EndGlobalSection
	GlobalSection(ExtensibilityGlobals) = postSolution
		SolutionGuid = {B9C5B2B5-6694-4AA6-862E-E01755025218}
	EndGlobalSection
EndGlobal
